
Microsoft Visual Studio Solution File, Format Version 12.00
# Visual Studio Version 17
VisualStudioVersion = 17.5.33414.496
MinimumVisualStudioVersion = 10.0.40219.1
Project("{FAE04EC0-301F-11D3-BF4B-00C04F79EFBC}") = "BigSchool", "BigSchool\BigSchool.csproj", "{BB598CD3-70DF-4F3D-9166-6DE3D14A9BBE}"
EndProject
Global
	GlobalSection(SolutionConfigurationPlatforms) = preSolution
		Debug|Any CPU = Debug|Any CPU
		Release|Any CPU = Release|Any CPU
	EndGlobalSection
	GlobalSection(ProjectConfigurationPlatforms) = postSolution
		{BB598CD3-70DF-4F3D-9166-6DE3D14A9BBE}.Debug|Any CPU.ActiveCfg = Debug|Any CPU
		{BB598CD3-70DF-4F3D-9166-6DE3D14A9BBE}.Debug|Any CPU.Build.0 = Debug|Any CPU
		{BB598CD3-70DF-4F3D-9166-6DE3D14A9BBE}.Release|Any CPU.ActiveCfg = Release|Any CPU
		{BB598CD3-70DF-4F3D-9166-6DE3D14A9BBE}.Release|Any CPU.Build.0 = Release|Any CPU
	EndGlobalSection
	GlobalSection(SolutionProperties) = preSolution
		HideSolutionNode = FALSE
	EndGlobalSection
	GlobalSection(ExtensibilityGlobals) = postSolution
		SolutionGuid = {DAC12B4F-1630-4AA9-A732-FB2C1EA156A4}
	EndGlobalSection
EndGlobal
